// !$*UTF8*$!
{
	archiveVersion = 1;
	classes = {
	};
	objectVersion = 55;
	objects = {

/* Begin PBXBuildFile section */
		368BA3FF27AC5DCF00E6B25D /* AppDelegate.swift in Sources */ = {isa = PBXBuildFile; fileRef = 368BA3FE27AC5DCF00E6B25D /* AppDelegate.swift */; };
		368BA40127AC5DCF00E6B25D /* SceneDelegate.swift in Sources */ = {isa = PBXBuildFile; fileRef = 368BA40027AC5DCF00E6B25D /* SceneDelegate.swift */; };
		368BA40327AC5DCF00E6B25D /* ViewController.swift in Sources */ = {isa = PBXBuildFile; fileRef = 368BA40227AC5DCF00E6B25D /* ViewController.swift */; };
		368BA40627AC5DCF00E6B25D /* Main.storyboard in Resources */ = {isa = PBXBuildFile; fileRef = 368BA40427AC5DCF00E6B25D /* Main.storyboard */; };
		368BA40827AC5DD100E6B25D /* Assets.xcassets in Resources */ = {isa = PBXBuildFile; fileRef = 368BA40727AC5DD100E6B25D /* Assets.xcassets */; };
		368BA40B27AC5DD100E6B25D /* LaunchScreen.storyboard in Resources */ = {isa = PBXBuildFile; fileRef = 368BA40927AC5DD100E6B25D /* LaunchScreen.storyboard */; };
		3697A3D427AECF8400B9287F /* scr001.png in Resources */ = {isa = PBXBuildFile; fileRef = 3697A3CF27AECF8300B9287F /* scr001.png */; };
		3697A3D527AECF8400B9287F /* scr003.png in Resources */ = {isa = PBXBuildFile; fileRef = 3697A3D027AECF8300B9287F /* scr003.png */; };
		3697A3D627AECF8400B9287F /* scr004.png in Resources */ = {isa = PBXBuildFile; fileRef = 3697A3D127AECF8400B9287F /* scr004.png */; };
		3697A3D727AECF8400B9287F /* scr005.png in Resources */ = {isa = PBXBuildFile; fileRef = 3697A3D227AECF8400B9287F /* scr005.png */; };
		3697A3D827AECF8400B9287F /* scr002.png in Resources */ = {isa = PBXBuildFile; fileRef = 3697A3D327AECF8400B9287F /* scr002.png */; };
/* End PBXBuildFile section */

/* Begin PBXFileReference section */
		368BA3FB27AC5DCF00E6B25D /* Selfie Share.app */ = {isa = PBXFileReference; explicitFileType = wrapper.application; includeInIndex = 0; path = "Selfie Share.app"; sourceTree = BUILT_PRODUCTS_DIR; };
		368BA3FE27AC5DCF00E6B25D /* AppDelegate.swift */ = {isa = PBXFileReference; lastKnownFileType = sourcecode.swift; path = AppDelegate.swift; sourceTree = "<group>"; };
		368BA40027AC5DCF00E6B25D /* SceneDelegate.swift */ = {isa = PBXFileReference; lastKnownFileType = sourcecode.swift; path = SceneDelegate.swift; sourceTree = "<group>"; };
		368BA40227AC5DCF00E6B25D /* ViewController.swift */ = {isa = PBXFileReference; lastKnownFileType = sourcecode.swift; path = ViewController.swift; sourceTree = "<group>"; };
		368BA40527AC5DCF00E6B25D /* Base */ = {isa = PBXFileReference; lastKnownFileType = file.storyboard; name = Base; path = Base.lproj/Main.storyboard; sourceTree = "<group>"; };
		368BA40727AC5DD100E6B25D /* Assets.xcassets */ = {isa = PBXFileReference; lastKnownFileType = folder.assetcatalog; path = Assets.xcassets; sourceTree = "<group>"; };
		368BA40A27AC5DD100E6B25D /* Base */ = {isa = PBXFileReference; lastKnownFileType = file.storyboard; name = Base; path = Base.lproj/LaunchScreen.storyboard; sourceTree = "<group>"; };
		368BA40C27AC5DD100E6B25D /* Info.plist */ = {isa = PBXFileReference; lastKnownFileType = text.plist.xml; path = Info.plist; sourceTree = "<group>"; };
		3697A3CF27AECF8300B9287F /* scr001.png */ = {isa = PBXFileReference; lastKnownFileType = image.png; path = scr001.png; sourceTree = "<group>"; };
		3697A3D027AECF8300B9287F /* scr003.png */ = {isa = PBXFileReference; lastKnownFileType = image.png; path = scr003.png; sourceTree = "<group>"; };
		3697A3D127AECF8400B9287F /* scr004.png */ = {isa = PBXFileReference; lastKnownFileType = image.png; path = scr004.png; sourceTree = "<group>"; };
		3697A3D227AECF8400B9287F /* scr005.png */ = {isa = PBXFileReference; lastKnownFileType = image.png; path = scr005.png; sourceTree = "<group>"; };
		3697A3D327AECF8400B9287F /* scr002.png */ = {isa = PBXFileReference; lastKnownFileType = image.png; path = scr002.png; sourceTree = "<group>"; };
/* End PBXFileReference section */

/* Begin PBXFrameworksBuildPhase section */
		368BA3F827AC5DCF00E6B25D /* Frameworks */ = {
			isa = PBXFrameworksBuildPhase;
			buildActionMask = 2147483647;
			files = (
			);
			runOnlyForDeploymentPostprocessing = 0;
		};
/* End PBXFrameworksBuildPhase section */

/* Begin PBXGroup section */
		368BA3F227AC5DCF00E6B25D = {
			isa = PBXGroup;
			children = (
				3697A3CE27AECEFF00B9287F /* Screenshots */,
				368BA3FD27AC5DCF00E6B25D /* Selfie Share */,
				368BA3FC27AC5DCF00E6B25D /* Products */,
			);
			sourceTree = "<group>";
		};
		368BA3FC27AC5DCF00E6B25D /* Products */ = {
			isa = PBXGroup;
			children = (
				368BA3FB27AC5DCF00E6B25D /* Selfie Share.app */,
			);
			name = Products;
			sourceTree = "<group>";
		};
		368BA3FD27AC5DCF00E6B25D /* Selfie Share */ = {
			isa = PBXGroup;
			children = (
				368BA3FE27AC5DCF00E6B25D /* AppDelegate.swift */,
				368BA40027AC5DCF00E6B25D /* SceneDelegate.swift */,
				368BA40227AC5DCF00E6B25D /* ViewController.swift */,
				368BA40427AC5DCF00E6B25D /* Main.storyboard */,
				368BA40727AC5DD100E6B25D /* Assets.xcassets */,
				368BA40927AC5DD100E6B25D /* LaunchScreen.storyboard */,
				368BA40C27AC5DD100E6B25D /* Info.plist */,
			);
			path = "Selfie Share";
			sourceTree = "<group>";
		};
		3697A3CE27AECEFF00B9287F /* Screenshots */ = {
			isa = PBXGroup;
			children = (
				3697A3CF27AECF8300B9287F /* scr001.png */,
				3697A3D327AECF8400B9287F /* scr002.png */,
				3697A3D027AECF8300B9287F /* scr003.png */,
				3697A3D127AECF8400B9287F /* scr004.png */,
				3697A3D227AECF8400B9287F /* scr005.png */,
			);
			path = Screenshots;
			sourceTree = "<group>";
		};
/* End PBXGroup section */

/* Begin PBXNativeTarget section */
		368BA3FA27AC5DCF00E6B25D /* Selfie Share */ = {
			isa = PBXNativeTarget;
			buildConfigurationList = 368BA40F27AC5DD100E6B25D /* Build configuration list for PBXNativeTarget "Selfie Share" */;
			buildPhases = (
				368BA3F727AC5DCF00E6B25D /* Sources */,
				368BA3F827AC5DCF00E6B25D /* Frameworks */,
				368BA3F927AC5DCF00E6B25D /* Resources */,
			);
			buildRules = (
			);
			dependencies = (
			);
			name = "Selfie Share";
			productName = "Selfie Share";
			productReference = 368BA3FB27AC5DCF00E6B25D /* Selfie Share.app */;
			productType = "com.apple.product-type.application";
		};
/* End PBXNativeTarget section */

/* Begin PBXProject section */
		368BA3F327AC5DCF00E6B25D /* Project object */ = {
			isa = PBXProject;
			attributes = {
				BuildIndependentTargetsInParallel = 1;
				LastSwiftUpdateCheck = 1310;
				LastUpgradeCheck = 1310;
				TargetAttributes = {
					368BA3FA27AC5DCF00E6B25D = {
						CreatedOnToolsVersion = 13.1;
					};
				};
			};
			buildConfigurationList = 368BA3F627AC5DCF00E6B25D /* Build configuration list for PBXProject "Selfie Share" */;
			compatibilityVersion = "Xcode 13.0";
			developmentRegion = en;
			hasScannedForEncodings = 0;
			knownRegions = (
				en,
				Base,
			);
			mainGroup = 368BA3F227AC5DCF00E6B25D;
			productRefGroup = 368BA3FC27AC5DCF00E6B25D /* Products */;
			projectDirPath = "";
			projectRoot = "";
			targets = (
				368BA3FA27AC5DCF00E6B25D /* Selfie Share */,
			);
		};
/* End PBXProject section */

/* Begin PBXResourcesBuildPhase section */
		368BA3F927AC5DCF00E6B25D /* Resources */ = {
			isa = PBXResourcesBuildPhase;
			buildActionMask = 2147483647;
			files = (
				368BA40B27AC5DD100E6B25D /* LaunchScreen.storyboard in Resources */,
				3697A3D527AECF8400B9287F /* scr003.png in Resources */,
				3697A3D727AECF8400B9287F /* scr005.png in Resources */,
				368BA40827AC5DD100E6B25D /* Assets.xcassets in Resources */,
				3697A3D627AECF8400B9287F /* scr004.png in Resources */,
				3697A3D427AECF8400B9287F /* scr001.png in Resources */,
				368BA40627AC5DCF00E6B25D /* Main.storyboard in Resources */,
				3697A3D827AECF8400B9287F /* scr002.png in Resources */,
			);
			runOnlyForDeploymentPostprocessing = 0;
		};
/* End PBXResourcesBuildPhase section */

/* Begin PBXSourcesBuildPhase section */
		368BA3F727AC5DCF00E6B25D /* Sources */ = {
			isa = PBXSourcesBuildPhase;
			buildActionMask = 2147483647;
			files = (
				368BA40327AC5DCF00E6B25D /* ViewController.swift in Sources */,
				368BA3FF27AC5DCF00E6B25D /* AppDelegate.swift in Sources */,
				368BA40127AC5DCF00E6B25D /* SceneDelegate.swift in Sources */,
			);
			runOnlyForDeploymentPostprocessing = 0;
		};
/* End PBXSourcesBuildPhase section */

/* Begin PBXVariantGroup section */
		368BA40427AC5DCF00E6B25D /* Main.storyboard */ = {
			isa = PBXVariantGroup;
			children = (
				368BA40527AC5DCF00E6B25D /* Base */,
			);
			name = Main.storyboard;
			sourceTree = "<group>";
		};
		368BA40927AC5DD100E6B25D /* LaunchScreen.storyboard */ = {
			isa = PBXVariantGroup;
			children = (
				368BA40A27AC5DD100E6B25D /* Base */,
			);
			name = LaunchScreen.storyboard;
			sourceTree = "<group>";
		};
/* End PBXVariantGroup section */

/* Begin XCBuildConfiguration section */
		368BA40D27AC5DD100E6B25D /* Debug */ = {
			isa = XCBuildConfiguration;
			buildSettings = {
				ALWAYS_SEARCH_USER_PATHS = NO;
				CLANG_ANALYZER_NONNULL = YES;
				CLANG_ANALYZER_NUMBER_OBJECT_CONVERSION = YES_AGGRESSIVE;
				CLANG_CXX_LANGUAGE_STANDARD = "gnu++17";
				CLANG_CXX_LIBRARY = "libc++";
				CLANG_ENABLE_MODULES = YES;
				CLANG_ENABLE_OBJC_ARC = YES;
				CLANG_ENABLE_OBJC_WEAK = YES;
				CLANG_WARN_BLOCK_CAPTURE_AUTORELEASING = YES;
				CLANG_WARN_BOOL_CONVERSION = YES;
				CLANG_WARN_COMMA = YES;
				CLANG_WARN_CONSTANT_CONVERSION = YES;
				CLANG_WARN_DEPRECATED_OBJC_IMPLEMENTATIONS = YES;
				CLANG_WARN_DIRECT_OBJC_ISA_USAGE = YES_ERROR;
				CLANG_WARN_DOCUMENTATION_COMMENTS = YES;
				CLANG_WARN_EMPTY_BODY = YES;
				CLANG_WARN_ENUM_CONVERSION = YES;
				CLANG_WARN_INFINITE_RECURSION = YES;
				CLANG_WARN_INT_CONVERSION = YES;
				CLANG_WARN_NON_LITERAL_NULL_CONVERSION = YES;
				CLANG_WARN_OBJC_IMPLICIT_RETAIN_SELF = YES;
				CLANG_WARN_OBJC_LITERAL_CONVERSION = YES;
				CLANG_WARN_OBJC_ROOT_CLASS = YES_ERROR;
				CLANG_WARN_QUOTED_INCLUDE_IN_FRAMEWORK_HEADER = YES;
				CLANG_WARN_RANGE_LOOP_ANALYSIS = YES;
				CLANG_WARN_STRICT_PROTOTYPES = YES;
				CLANG_WARN_SUSPICIOUS_MOVE = YES;
				CLANG_WARN_UNGUARDED_AVAILABILITY = YES_AGGRESSIVE;
				CLANG_WARN_UNREACHABLE_CODE = YES;
				CLANG_WARN__DUPLICATE_METHOD_MATCH = YES;
				COPY_PHASE_STRIP = NO;
				DEBUG_INFORMATION_FORMAT = dwarf;
				ENABLE_STRICT_OBJC_MSGSEND = YES;
				ENABLE_TESTABILITY = YES;
				GCC_C_LANGUAGE_STANDARD = gnu11;
				GCC_DYNAMIC_NO_PIC = NO;
				GCC_NO_COMMON_BLOCKS = YES;
				GCC_OPTIMIZATION_LEVEL = 0;
				GCC_PREPROCESSOR_DEFINITIONS = (
					"DEBUG=1",
					"$(inherited)",
				);
				GCC_WARN_64_TO_32_BIT_CONVERSION = YES;
				GCC_WARN_ABOUT_RETURN_TYPE = YES_ERROR;
				GCC_WARN_UNDECLARED_SELECTOR = YES;
				GCC_WARN_UNINITIALIZED_AUTOS = YES_AGGRESSIVE;
				GCC_WARN_UNUSED_FUNCTION = YES;
				GCC_WARN_UNUSED_VARIABLE = YES;
				IPHONEOS_DEPLOYMENT_TARGET = 15.0;
				MTL_ENABLE_DEBUG_INFO = INCLUDE_SOURCE;
				MTL_FAST_MATH = YES;
				ONLY_ACTIVE_ARCH = YES;
				SDKROOT = iphoneos;
				SWIFT_ACTIVE_COMPILATION_CONDITIONS = DEBUG;
				SWIFT_OPTIMIZATION_LEVEL = "-Onone";
			};
			name = Debug;
		};
		368BA40E27AC5DD100E6B25D /* Release */ = {
			isa = XCBuildConfiguration;
			buildSettings = {
				ALWAYS_SEARCH_USER_PATHS = NO;
				CLANG_ANALYZER_NONNULL = YES;
				CLANG_ANALYZER_NUMBER_OBJECT_CONVERSION = YES_AGGRESSIVE;
				CLANG_CXX_LANGUAGE_STANDARD = "gnu++17";
				CLANG_CXX_LIBRARY = "libc++";
				CLANG_ENABLE_MODULES = YES;
				CLANG_ENABLE_OBJC_ARC = YES;
				CLANG_ENABLE_OBJC_WEAK = YES;
				CLANG_WARN_BLOCK_CAPTURE_AUTORELEASING = YES;
				CLANG_WARN_BOOL_CONVERSION = YES;
				CLANG_WARN_COMMA = YES;
				CLANG_WARN_CONSTANT_CONVERSION = YES;
				CLANG_WARN_DEPRECATED_OBJC_IMPLEMENTATIONS = YES;
				CLANG_WARN_DIRECT_OBJC_ISA_USAGE = YES_ERROR;
				CLANG_WARN_DOCUMENTATION_COMMENTS = YES;
				CLANG_WARN_EMPTY_BODY = YES;
				CLANG_WARN_ENUM_CONVERSION = YES;
				CLANG_WARN_INFINITE_RECURSION = YES;
				CLANG_WARN_INT_CONVERSION = YES;
				CLANG_WARN_NON_LITERAL_NULL_CONVERSION = YES;
				CLANG_WARN_OBJC_IMPLICIT_RETAIN_SELF = YES;
				CLANG_WARN_OBJC_LITERAL_CONVERSION = YES;
				CLANG_WARN_OBJC_ROOT_CLASS = YES_ERROR;
				CLANG_WARN_QUOTED_INCLUDE_IN_FRAMEWORK_HEADER = YES;
				CLANG_WARN_RANGE_LOOP_ANALYSIS = YES;
				CLANG_WARN_STRICT_PROTOTYPES = YES;
				CLANG_WARN_SUSPICIOUS_MOVE = YES;
				CLANG_WARN_UNGUARDED_AVAILABILITY = YES_AGGRESSIVE;
				CLANG_WARN_UNREACHABLE_CODE = YES;
				CLANG_WARN__DUPLICATE_METHOD_MATCH = YES;
				COPY_PHASE_STRIP = NO;
				DEBUG_INFORMATION_FORMAT = "dwarf-with-dsym";
				ENABLE_NS_ASSERTIONS = NO;
				ENABLE_STRICT_OBJC_MSGSEND = YES;
				GCC_C_LANGUAGE_STANDARD = gnu11;
				GCC_NO_COMMON_BLOCKS = YES;
				GCC_WARN_64_TO_32_BIT_CONVERSION = YES;
				GCC_WARN_ABOUT_RETURN_TYPE = YES_ERROR;
				GCC_WARN_UNDECLARED_SELECTOR = YES;
				GCC_WARN_UNINITIALIZED_AUTOS = YES_AGGRESSIVE;
				GCC_WARN_UNUSED_FUNCTION = YES;
				GCC_WARN_UNUSED_VARIABLE = YES;
				IPHONEOS_DEPLOYMENT_TARGET = 15.0;
				MTL_ENABLE_DEBUG_INFO = NO;
				MTL_FAST_MATH = YES;
				SDKROOT = iphoneos;
				SWIFT_COMPILATION_MODE = wholemodule;
				SWIFT_OPTIMIZATION_LEVEL = "-O";
				VALIDATE_PRODUCT = YES;
			};
			name = Release;
		};
		368BA41027AC5DD100E6B25D /* Debug */ = {
			isa = XCBuildConfiguration;
			buildSettings = {
				ASSETCATALOG_COMPILER_APPICON_NAME = AppIcon;
				ASSETCATALOG_COMPILER_GLOBAL_ACCENT_COLOR_NAME = AccentColor;
				CODE_SIGN_STYLE = Automatic;
				CURRENT_PROJECT_VERSION = 1;
				DEVELOPMENT_TEAM = CJ7JF497NG;
				GENERATE_INFOPLIST_FILE = YES;
				INFOPLIST_FILE = "Selfie Share/Info.plist";
				INFOPLIST_KEY_NSLocalNetworkUsageDescription = "You need to allow permission for hosting and sending";
				INFOPLIST_KEY_NSNearbyInteractionUsageDescription = "You need to allow nearby interraction";
				INFOPLIST_KEY_UIApplicationSupportsIndirectInputEvents = YES;
				INFOPLIST_KEY_UILaunchStoryboardName = LaunchScreen;
				INFOPLIST_KEY_UIMainStoryboardFile = Main;
				INFOPLIST_KEY_UISupportedInterfaceOrientations_iPad = "UIInterfaceOrientationPortrait UIInterfaceOrientationPortraitUpsideDown UIInterfaceOrientationLandscapeLeft UIInterfaceOrientationLandscapeRight";
				INFOPLIST_KEY_UISupportedInterfaceOrientations_iPhone = "UIInterfaceOrientationPortrait UIInterfaceOrientationLandscapeLeft UIInterfaceOrientationLandscapeRight";
				LD_RUNPATH_SEARCH_PATHS = (
					"$(inherited)",
					"@executable_path/Frameworks",
				);
				MARKETING_VERSION = 1.0;
				PRODUCT_BUNDLE_IDENTIFIER = "com.example.Selfie-Share";
				PRODUCT_NAME = "$(TARGET_NAME)";
				SWIFT_EMIT_LOC_STRINGS = YES;
				SWIFT_VERSION = 5.0;
				TARGETED_DEVICE_FAMILY = "1,2";
			};
			name = Debug;
		};
		368BA41127AC5DD100E6B25D /* Release */ = {
			isa = XCBuildConfiguration;
			buildSettings = {
				ASSETCATALOG_COMPILER_APPICON_NAME = AppIcon;
				ASSETCATALOG_COMPILER_GLOBAL_ACCENT_COLOR_NAME = AccentColor;
				CODE_SIGN_STYLE = Automatic;
				CURRENT_PROJECT_VERSION = 1;
				DEVELOPMENT_TEAM = CJ7JF497NG;
				GENERATE_INFOPLIST_FILE = YES;
				INFOPLIST_FILE = "Selfie Share/Info.plist";
				INFOPLIST_KEY_NSLocalNetworkUsageDescription = "You need to allow permission for hosting and sending";
				INFOPLIST_KEY_NSNearbyInteractionUsageDescription = "You need to allow nearby interraction";
				INFOPLIST_KEY_UIApplicationSupportsIndirectInputEvents = YES;
				INFOPLIST_KEY_UILaunchStoryboardName = LaunchScreen;
				INFOPLIST_KEY_UIMainStoryboardFile = Main;
				INFOPLIST_KEY_UISupportedInterfaceOrientations_iPad = "UIInterfaceOrientationPortrait UIInterfaceOrientationPortraitUpsideDown UIInterfaceOrientationLandscapeLeft UIInterfaceOrientationLandscapeRight";
				INFOPLIST_KEY_UISupportedInterfaceOrientations_iPhone = "UIInterfaceOrientationPortrait UIInterfaceOrientationLandscapeLeft UIInterfaceOrientationLandscapeRight";
				LD_RUNPATH_SEARCH_PATHS = (
					"$(inherited)",
					"@executable_path/Frameworks",
				);
				MARKETING_VERSION = 1.0;
				PRODUCT_BUNDLE_IDENTIFIER = "com.example.Selfie-Share";
				PRODUCT_NAME = "$(TARGET_NAME)";
				SWIFT_EMIT_LOC_STRINGS = YES;
				SWIFT_VERSION = 5.0;
				TARGETED_DEVICE_FAMILY = "1,2";
			};
			name = Release;
		};
/* End XCBuildConfiguration section */

/* Begin XCConfigurationList section */
		368BA3F627AC5DCF00E6B25D /* Build configuration list for PBXProject "Selfie Share" */ = {
			isa = XCConfigurationList;
			buildConfigurations = (
				368BA40D27AC5DD100E6B25D /* Debug */,
				368BA40E27AC5DD100E6B25D /* Release */,
			);
			defaultConfigurationIsVisible = 0;
			defaultConfigurationName = Release;
		};
		368BA40F27AC5DD100E6B25D /* Build configuration list for PBXNativeTarget "Selfie Share" */ = {
			isa = XCConfigurationList;
			buildConfigurations = (
				368BA41027AC5DD100E6B25D /* Debug */,
				368BA41127AC5DD100E6B25D /* Release */,
			);
			defaultConfigurationIsVisible = 0;
			defaultConfigurationName = Release;
		};
/* End XCConfigurationList section */
	};
	rootObject = 368BA3F327AC5DCF00E6B25D /* Project object */;
}
